{
  "name": "alcoholic",
  "lockfileVersion": 3,
  "requires": true,
  "packages": {
    "": {
      "dependencies": {
        "capitalize": "^2.0.4",
        "moment": "^2.30.1"
      }
    },
    "node_modules/capitalize": {
      "version": "2.0.4",
      "resolved": "https://registry.npmjs.org/capitalize/-/capitalize-2.0.4.tgz",
      "integrity": "sha512-wcSyiFqXRYyCoqu0o0ekXzJAKCLMkqWS5QWGlgTJFJKwRmI6pzcN2hBl5VPq9RzLW5Uf4FF/V/lcFfjCtVak2w=="
    },
    "node_modules/moment": {
      "version": "2.30.1",
      "resolved": "https://registry.npmjs.org/moment/-/moment-2.30.1.tgz",
      "integrity": "sha512-uEmtNhbDOrWPFS+hdjFCBfy9f2YoyzRpwcl+DqpC6taX21FzsTLQVbMV/W7PzNSX6x/bhC1zA3c2UQ5NzH6how==",
      "engines": {
        "node": "*"
      }
    }
  }
}
